{
  "name": "Group_Project_5801",
  "version": "1.0.0",
  "lockfileVersion": 1,
  "requires": true,
  "dependencies": {
    "qr-scanner": {
      "version": "1.3.0",
      "resolved": "https://registry.npmjs.org/qr-scanner/-/qr-scanner-1.3.0.tgz",
      "integrity": "sha512-xNXlZaKOW0nihHaV7KPrMYJHNp1YX9z+NTqFrbNoibGIzQpPLeIocP9187lxihU/EbgplMm7sQ4hI9jG9+zYHg=="
    },
    "qrious": {
      "version": "4.0.2",
      "resolved": "https://registry.npmjs.org/qrious/-/qrious-4.0.2.tgz",
      "integrity": "sha512-xWPJIrK1zu5Ypn898fBp8RHkT/9ibquV2Kv24S/JY9VYEhMBMKur1gHVsOiNUh7PHP9uCgejjpZUHUIXXKoU/g=="
    }
  }
}
